{
  "dependencies": {
    "lodash.assign": {
      "version": "4.2.0",
      "resolved": "https://registry.npmjs.org/lodash.assign/-/lodash.assign-4.2.0.tgz",
      "from": "lodash.assign@4.2.0"
    },
    "lodash.repeat": {
      "version": "4.1.0",
      "resolved": "https://registry.npmjs.org/lodash.repeat/-/lodash.repeat-4.1.0.tgz",
      "from": "lodash.repeat@4.1.0"
    },
    "string": {
      "version": "3.3.3",
      "resolved": "https://registry.npmjs.org/string/-/string-3.3.3.tgz",
      "from": "string@3.3.3"
    },
    "util-browser": {
      "version": "0.0.2",
      "resolved": "https://registry.npmjs.org/util-browser/-/util-browser-0.0.2.tgz",
      "from": "util-browser@0.0.2"
    }
  }
}
